
Microsoft Visual Studio Solution File, Format Version 12.00
# Visual Studio Version 17
VisualStudioVersion = 17.11.35327.3
MinimumVisualStudioVersion = 10.0.40219.1
Project("{9A19103F-16F7-4668-BE54-9A1E7A4F7556}") = "IPF_Beer_API", "IPF_Beer_API.csproj", "{F658DCEC-E51A-4472-9D10-4C70495336A2}"
EndProject
Project("{9A19103F-16F7-4668-BE54-9A1E7A4F7556}") = "IPF_Beer_API.Data", "..\IPF_Beer_API.Data\IPF_Beer_API.Data.csproj", "{860045FC-C385-4096-ADCC-5EE7A6CB3755}"
EndProject
Project("{9A19103F-16F7-4668-BE54-9A1E7A4F7556}") = "IPF_Beer_API.Test", "..\IPF_Beer_API.Test\IPF_Beer_API.Test.csproj", "{9B79889B-5E82-4E29-A761-A82F6814650D}"
EndProject
Project("{2150E333-8FDC-42A3-9474-1A3956D46DE8}") = "Solution Items", "Solution Items", "{00B3E457-01D2-4A05-9D59-F3DFD5921CA7}"
	ProjectSection(SolutionItems) = preProject
		..\README.md = ..\README.md
	EndProjectSection
EndProject
Global
	GlobalSection(SolutionConfigurationPlatforms) = preSolution
		Debug|Any CPU = Debug|Any CPU
		Release|Any CPU = Release|Any CPU
	EndGlobalSection
	GlobalSection(ProjectConfigurationPlatforms) = postSolution
		{F658DCEC-E51A-4472-9D10-4C70495336A2}.Debug|Any CPU.ActiveCfg = Debug|Any CPU
		{F658DCEC-E51A-4472-9D10-4C70495336A2}.Debug|Any CPU.Build.0 = Debug|Any CPU
		{F658DCEC-E51A-4472-9D10-4C70495336A2}.Release|Any CPU.ActiveCfg = Release|Any CPU
		{F658DCEC-E51A-4472-9D10-4C70495336A2}.Release|Any CPU.Build.0 = Release|Any CPU
		{860045FC-C385-4096-ADCC-5EE7A6CB3755}.Debug|Any CPU.ActiveCfg = Debug|Any CPU
		{860045FC-C385-4096-ADCC-5EE7A6CB3755}.Debug|Any CPU.Build.0 = Debug|Any CPU
		{860045FC-C385-4096-ADCC-5EE7A6CB3755}.Release|Any CPU.ActiveCfg = Release|Any CPU
		{860045FC-C385-4096-ADCC-5EE7A6CB3755}.Release|Any CPU.Build.0 = Release|Any CPU
		{9B79889B-5E82-4E29-A761-A82F6814650D}.Debug|Any CPU.ActiveCfg = Debug|Any CPU
		{9B79889B-5E82-4E29-A761-A82F6814650D}.Debug|Any CPU.Build.0 = Debug|Any CPU
		{9B79889B-5E82-4E29-A761-A82F6814650D}.Release|Any CPU.ActiveCfg = Release|Any CPU
		{9B79889B-5E82-4E29-A761-A82F6814650D}.Release|Any CPU.Build.0 = Release|Any CPU
	EndGlobalSection
	GlobalSection(SolutionProperties) = preSolution
		HideSolutionNode = FALSE
	EndGlobalSection
	GlobalSection(ExtensibilityGlobals) = postSolution
		SolutionGuid = {EE14E0A8-C536-48BD-BEFA-34F684B1E7E9}
	EndGlobalSection
EndGlobal
